
Microsoft Visual Studio Solution File, Format Version 12.00
# Visual Studio Version 17
VisualStudioVersion = 17.12.35527.113 d17.12
MinimumVisualStudioVersion = 10.0.40219.1
Project("{FAE04EC0-301F-11D3-BF4B-00C04F79EFBC}") = "WebApp", "WebApp\WebApp.csproj", "{7D758BE5-47B8-49ED-9BDB-EE20CF8CA213}"
EndProject
Project("{FAE04EC0-301F-11D3-BF4B-00C04F79EFBC}") = "DAL", "DAL\DAL.csproj", "{673F5291-D5AC-4D7A-932C-06E6EE4C647E}"
EndProject
Project("{FAE04EC0-301F-11D3-BF4B-00C04F79EFBC}") = "WebAPI", "WebAPI\WebAPI.csproj", "{D9B3D8DF-B5FB-45B9-A54A-038B30672AB3}"
EndProject
Global
	GlobalSection(SolutionConfigurationPlatforms) = preSolution
		Debug|Any CPU = Debug|Any CPU
		Release|Any CPU = Release|Any CPU
	EndGlobalSection
	GlobalSection(ProjectConfigurationPlatforms) = postSolution
		{7D758BE5-47B8-49ED-9BDB-EE20CF8CA213}.Debug|Any CPU.ActiveCfg = Debug|Any CPU
		{7D758BE5-47B8-49ED-9BDB-EE20CF8CA213}.Debug|Any CPU.Build.0 = Debug|Any CPU
		{7D758BE5-47B8-49ED-9BDB-EE20CF8CA213}.Release|Any CPU.ActiveCfg = Release|Any CPU
		{7D758BE5-47B8-49ED-9BDB-EE20CF8CA213}.Release|Any CPU.Build.0 = Release|Any CPU
		{673F5291-D5AC-4D7A-932C-06E6EE4C647E}.Debug|Any CPU.ActiveCfg = Debug|Any CPU
		{673F5291-D5AC-4D7A-932C-06E6EE4C647E}.Debug|Any CPU.Build.0 = Debug|Any CPU
		{673F5291-D5AC-4D7A-932C-06E6EE4C647E}.Release|Any CPU.ActiveCfg = Release|Any CPU
		{673F5291-D5AC-4D7A-932C-06E6EE4C647E}.Release|Any CPU.Build.0 = Release|Any CPU
		{D9B3D8DF-B5FB-45B9-A54A-038B30672AB3}.Debug|Any CPU.ActiveCfg = Debug|Any CPU
		{D9B3D8DF-B5FB-45B9-A54A-038B30672AB3}.Debug|Any CPU.Build.0 = Debug|Any CPU
		{D9B3D8DF-B5FB-45B9-A54A-038B30672AB3}.Release|Any CPU.ActiveCfg = Release|Any CPU
		{D9B3D8DF-B5FB-45B9-A54A-038B30672AB3}.Release|Any CPU.Build.0 = Release|Any CPU
	EndGlobalSection
	GlobalSection(SolutionProperties) = preSolution
		HideSolutionNode = FALSE
	EndGlobalSection
EndGlobal
